
Microsoft Visual Studio Solution File, Format Version 12.00
# Visual Studio Version 17
VisualStudioVersion = 17.0.31919.166
MinimumVisualStudioVersion = 10.0.40219.1
Project("{9A19103F-16F7-4668-BE54-9A1E7A4F7556}") = "FreakyFashionServices.StockService", "FreakyFashionServices.StockService\FreakyFashionServices.StockService.csproj", "{4E541843-EDF2-4EC5-92C1-4B6CAD3CF663}"
EndProject
Project("{9A19103F-16F7-4668-BE54-9A1E7A4F7556}") = "FreakyFashionServices.CatalogService", "FreakyFashionServices.CatalogService\FreakyFashionServices.CatalogService.csproj", "{1A80D6C9-5E1C-4A7D-8D66-82EE36B0828D}"
EndProject
Project("{9A19103F-16F7-4668-BE54-9A1E7A4F7556}") = "FreakyFashionServices.BasketService", "FreakyFashionServices.BasketService\FreakyFashionServices.BasketService.csproj", "{27B767BC-D8FF-4AA4-995A-CD840EFAF1D3}"
EndProject
Project("{9A19103F-16F7-4668-BE54-9A1E7A4F7556}") = "FreakyFashionServices.OrderService", "FreakyFashionServices.OrderService\FreakyFashionServices.OrderService.csproj", "{1FDDFEB0-CCFE-4C9C-AEDF-5EC90FF1B754}"
EndProject
Project("{FAE04EC0-301F-11D3-BF4B-00C04F79EFBC}") = "FreakyFashionServices.APIGateway", "FreakyFashionServices.APIGateway\FreakyFashionServices.APIGateway.csproj", "{FDE24089-AD11-4FAB-98DC-7791D6DC4114}"
EndProject
Global
	GlobalSection(SolutionConfigurationPlatforms) = preSolution
		Debug|Any CPU = Debug|Any CPU
		Release|Any CPU = Release|Any CPU
	EndGlobalSection
	GlobalSection(ProjectConfigurationPlatforms) = postSolution
		{4E541843-EDF2-4EC5-92C1-4B6CAD3CF663}.Debug|Any CPU.ActiveCfg = Debug|Any CPU
		{4E541843-EDF2-4EC5-92C1-4B6CAD3CF663}.Debug|Any CPU.Build.0 = Debug|Any CPU
		{4E541843-EDF2-4EC5-92C1-4B6CAD3CF663}.Release|Any CPU.ActiveCfg = Release|Any CPU
		{4E541843-EDF2-4EC5-92C1-4B6CAD3CF663}.Release|Any CPU.Build.0 = Release|Any CPU
		{1A80D6C9-5E1C-4A7D-8D66-82EE36B0828D}.Debug|Any CPU.ActiveCfg = Debug|Any CPU
		{1A80D6C9-5E1C-4A7D-8D66-82EE36B0828D}.Debug|Any CPU.Build.0 = Debug|Any CPU
		{1A80D6C9-5E1C-4A7D-8D66-82EE36B0828D}.Release|Any CPU.ActiveCfg = Release|Any CPU
		{1A80D6C9-5E1C-4A7D-8D66-82EE36B0828D}.Release|Any CPU.Build.0 = Release|Any CPU
		{27B767BC-D8FF-4AA4-995A-CD840EFAF1D3}.Debug|Any CPU.ActiveCfg = Debug|Any CPU
		{27B767BC-D8FF-4AA4-995A-CD840EFAF1D3}.Debug|Any CPU.Build.0 = Debug|Any CPU
		{27B767BC-D8FF-4AA4-995A-CD840EFAF1D3}.Release|Any CPU.ActiveCfg = Release|Any CPU
		{27B767BC-D8FF-4AA4-995A-CD840EFAF1D3}.Release|Any CPU.Build.0 = Release|Any CPU
		{1FDDFEB0-CCFE-4C9C-AEDF-5EC90FF1B754}.Debug|Any CPU.ActiveCfg = Debug|Any CPU
		{1FDDFEB0-CCFE-4C9C-AEDF-5EC90FF1B754}.Debug|Any CPU.Build.0 = Debug|Any CPU
		{1FDDFEB0-CCFE-4C9C-AEDF-5EC90FF1B754}.Release|Any CPU.ActiveCfg = Release|Any CPU
		{1FDDFEB0-CCFE-4C9C-AEDF-5EC90FF1B754}.Release|Any CPU.Build.0 = Release|Any CPU
		{FDE24089-AD11-4FAB-98DC-7791D6DC4114}.Debug|Any CPU.ActiveCfg = Debug|Any CPU
		{FDE24089-AD11-4FAB-98DC-7791D6DC4114}.Debug|Any CPU.Build.0 = Debug|Any CPU
		{FDE24089-AD11-4FAB-98DC-7791D6DC4114}.Release|Any CPU.ActiveCfg = Release|Any CPU
		{FDE24089-AD11-4FAB-98DC-7791D6DC4114}.Release|Any CPU.Build.0 = Release|Any CPU
	EndGlobalSection
	GlobalSection(SolutionProperties) = preSolution
		HideSolutionNode = FALSE
	EndGlobalSection
	GlobalSection(ExtensibilityGlobals) = postSolution
		SolutionGuid = {5592695B-8E7F-4488-96A2-25305F758B51}
	EndGlobalSection
EndGlobal
